
Microsoft Visual Studio Solution File, Format Version 12.00
# Visual Studio 15
VisualStudioVersion = 15.0.28010.2036
MinimumVisualStudioVersion = 10.0.40219.1
Project("{9A19103F-16F7-4668-BE54-9A1E7A4F7556}") = "SIS.App", "SIS.App\SIS.App.csproj", "{D400E021-C583-4961-8CDB-3EBB015E92D1}"
EndProject
Project("{9A19103F-16F7-4668-BE54-9A1E7A4F7556}") = "SIS.HTTP", "SIS.HTTP\SIS.HTTP.csproj", "{B2338E0C-D3A4-4D0C-8267-5CF8E0D9D3DF}"
EndProject
Project("{9A19103F-16F7-4668-BE54-9A1E7A4F7556}") = "SIS.WebServer", "SIS.WebServer\SIS.WebServer.csproj", "{45BB71BF-8721-4CA7-84F9-26E49BC6F85C}"
EndProject
Project("{2150E333-8FDC-42A3-9474-1A3956D46DE8}") = "Apps", "Apps", "{E883D24A-D4BA-4C49-ACB3-CCE9BA745948}"
EndProject
Project("{2150E333-8FDC-42A3-9474-1A3956D46DE8}") = "IRunes", "IRunes", "{859B6A5E-B0B6-4AF7-9EB4-404735F41B8F}"
EndProject
Project("{9A19103F-16F7-4668-BE54-9A1E7A4F7556}") = "IRunes.App", "IRunes.App\IRunes.App.csproj", "{C96DD62F-E50C-43C5-B9F0-1AEB54942DAD}"
EndProject
Project("{9A19103F-16F7-4668-BE54-9A1E7A4F7556}") = "IRunes.Data", "IRunes.Data\IRunes.Data.csproj", "{B9E4CF4F-99AC-48E0-A484-F96F5759B282}"
EndProject
Project("{9A19103F-16F7-4668-BE54-9A1E7A4F7556}") = "IRunes.Models", "IRunes.Models\IRunes.Models.csproj", "{7F12145E-BBF9-48F2-BD2F-DC857B1F822E}"
EndProject
Global
	GlobalSection(SolutionConfigurationPlatforms) = preSolution
		Debug|Any CPU = Debug|Any CPU
		Release|Any CPU = Release|Any CPU
	EndGlobalSection
	GlobalSection(ProjectConfigurationPlatforms) = postSolution
		{D400E021-C583-4961-8CDB-3EBB015E92D1}.Debug|Any CPU.ActiveCfg = Debug|Any CPU
		{D400E021-C583-4961-8CDB-3EBB015E92D1}.Debug|Any CPU.Build.0 = Debug|Any CPU
		{D400E021-C583-4961-8CDB-3EBB015E92D1}.Release|Any CPU.ActiveCfg = Release|Any CPU
		{D400E021-C583-4961-8CDB-3EBB015E92D1}.Release|Any CPU.Build.0 = Release|Any CPU
		{B2338E0C-D3A4-4D0C-8267-5CF8E0D9D3DF}.Debug|Any CPU.ActiveCfg = Debug|Any CPU
		{B2338E0C-D3A4-4D0C-8267-5CF8E0D9D3DF}.Debug|Any CPU.Build.0 = Debug|Any CPU
		{B2338E0C-D3A4-4D0C-8267-5CF8E0D9D3DF}.Release|Any CPU.ActiveCfg = Release|Any CPU
		{B2338E0C-D3A4-4D0C-8267-5CF8E0D9D3DF}.Release|Any CPU.Build.0 = Release|Any CPU
		{45BB71BF-8721-4CA7-84F9-26E49BC6F85C}.Debug|Any CPU.ActiveCfg = Debug|Any CPU
		{45BB71BF-8721-4CA7-84F9-26E49BC6F85C}.Debug|Any CPU.Build.0 = Debug|Any CPU
		{45BB71BF-8721-4CA7-84F9-26E49BC6F85C}.Release|Any CPU.ActiveCfg = Release|Any CPU
		{45BB71BF-8721-4CA7-84F9-26E49BC6F85C}.Release|Any CPU.Build.0 = Release|Any CPU
		{C96DD62F-E50C-43C5-B9F0-1AEB54942DAD}.Debug|Any CPU.ActiveCfg = Debug|Any CPU
		{C96DD62F-E50C-43C5-B9F0-1AEB54942DAD}.Debug|Any CPU.Build.0 = Debug|Any CPU
		{C96DD62F-E50C-43C5-B9F0-1AEB54942DAD}.Release|Any CPU.ActiveCfg = Release|Any CPU
		{C96DD62F-E50C-43C5-B9F0-1AEB54942DAD}.Release|Any CPU.Build.0 = Release|Any CPU
		{B9E4CF4F-99AC-48E0-A484-F96F5759B282}.Debug|Any CPU.ActiveCfg = Debug|Any CPU
		{B9E4CF4F-99AC-48E0-A484-F96F5759B282}.Debug|Any CPU.Build.0 = Debug|Any CPU
		{B9E4CF4F-99AC-48E0-A484-F96F5759B282}.Release|Any CPU.ActiveCfg = Release|Any CPU
		{B9E4CF4F-99AC-48E0-A484-F96F5759B282}.Release|Any CPU.Build.0 = Release|Any CPU
		{7F12145E-BBF9-48F2-BD2F-DC857B1F822E}.Debug|Any CPU.ActiveCfg = Debug|Any CPU
		{7F12145E-BBF9-48F2-BD2F-DC857B1F822E}.Debug|Any CPU.Build.0 = Debug|Any CPU
		{7F12145E-BBF9-48F2-BD2F-DC857B1F822E}.Release|Any CPU.ActiveCfg = Release|Any CPU
		{7F12145E-BBF9-48F2-BD2F-DC857B1F822E}.Release|Any CPU.Build.0 = Release|Any CPU
	EndGlobalSection
	GlobalSection(SolutionProperties) = preSolution
		HideSolutionNode = FALSE
	EndGlobalSection
	GlobalSection(NestedProjects) = preSolution
		{859B6A5E-B0B6-4AF7-9EB4-404735F41B8F} = {E883D24A-D4BA-4C49-ACB3-CCE9BA745948}
		{C96DD62F-E50C-43C5-B9F0-1AEB54942DAD} = {859B6A5E-B0B6-4AF7-9EB4-404735F41B8F}
		{B9E4CF4F-99AC-48E0-A484-F96F5759B282} = {859B6A5E-B0B6-4AF7-9EB4-404735F41B8F}
		{7F12145E-BBF9-48F2-BD2F-DC857B1F822E} = {859B6A5E-B0B6-4AF7-9EB4-404735F41B8F}
	EndGlobalSection
	GlobalSection(ExtensibilityGlobals) = postSolution
		SolutionGuid = {E26E5954-1CE9-4A8A-B960-F8EDFF37BF27}
	EndGlobalSection
EndGlobal
